
Microsoft Visual Studio Solution File, Format Version 12.00
# Visual Studio 15
Project("{FAE04EC0-301F-11D3-BF4B-00C04F79EFBC}") = "DummyCrudApi", "DummyCrudApi\DummyCrudApi.csproj", "{FD6843C7-A7D4-45C8-9A03-09B3934631E9}"
EndProject
Project("{FAE04EC0-301F-11D3-BF4B-00C04F79EFBC}") = "DbConnectionBuilderProvider", "DbConnectionBuilderProvider\DbConnectionBuilderProvider.csproj", "{FE529510-78FD-4C1D-9AC0-E96F4C093246}"
EndProject
Project("{FAE04EC0-301F-11D3-BF4B-00C04F79EFBC}") = "DbConnectionBuilderProvider.SQLiteConnectionBuilder", "DbConnectionBuilderProvider.SQLiteConnectionBuilder\DbConnectionBuilderProvider.SQLiteConnectionBuilder.csproj", "{E1E2DF36-CE26-4AFD-913F-B443C734CB8D}"
EndProject
Project("{2150E333-8FDC-42A3-9474-1A3956D46DE8}") = "Solution Items", "Solution Items", "{2AF65ADB-763E-46B0-A76F-E2D19953098A}"
	ProjectSection(SolutionItems) = preProject
		Dockerfile = Dockerfile
		heroku-deploy.txt = heroku-deploy.txt
		.gitignore = .gitignore
	EndProjectSection
EndProject
Project("{FAE04EC0-301F-11D3-BF4B-00C04F79EFBC}") = "DbContextProvider", "DbContextProvider\DbContextProvider.csproj", "{3D3B7F89-9A1A-40DF-9E59-F91CAC7826A2}"
EndProject
Project("{FAE04EC0-301F-11D3-BF4B-00C04F79EFBC}") = "DbContextProvider.FirebaseRealtimeDb", "DbContextProvider.FirebaseRealtimeDb\DbContextProvider.FirebaseRealtimeDb.csproj", "{BDC08E4B-8C3C-4F73-A1B1-EC25B57F531D}"
EndProject
Project("{FAE04EC0-301F-11D3-BF4B-00C04F79EFBC}") = "Retrofit", "Retrofit\Retrofit.csproj", "{192A8549-450B-45B8-9EA4-DC80F5884917}"
EndProject
Project("{FAE04EC0-301F-11D3-BF4B-00C04F79EFBC}") = "DependencyInjection.Extensions", "DependencyInjection.Extensions\DependencyInjection.Extensions.csproj", "{501398A2-E79F-46C6-A5BF-1C14D1DA36F0}"
EndProject
Global
	GlobalSection(SolutionConfigurationPlatforms) = preSolution
		Debug|Any CPU = Debug|Any CPU
		Release|Any CPU = Release|Any CPU
	EndGlobalSection
	GlobalSection(ProjectConfigurationPlatforms) = postSolution
		{FD6843C7-A7D4-45C8-9A03-09B3934631E9}.Debug|Any CPU.ActiveCfg = Debug|Any CPU
		{FD6843C7-A7D4-45C8-9A03-09B3934631E9}.Debug|Any CPU.Build.0 = Debug|Any CPU
		{FD6843C7-A7D4-45C8-9A03-09B3934631E9}.Release|Any CPU.ActiveCfg = Release|Any CPU
		{FD6843C7-A7D4-45C8-9A03-09B3934631E9}.Release|Any CPU.Build.0 = Release|Any CPU
		{FE529510-78FD-4C1D-9AC0-E96F4C093246}.Debug|Any CPU.ActiveCfg = Debug|Any CPU
		{FE529510-78FD-4C1D-9AC0-E96F4C093246}.Debug|Any CPU.Build.0 = Debug|Any CPU
		{FE529510-78FD-4C1D-9AC0-E96F4C093246}.Release|Any CPU.ActiveCfg = Release|Any CPU
		{FE529510-78FD-4C1D-9AC0-E96F4C093246}.Release|Any CPU.Build.0 = Release|Any CPU
		{E1E2DF36-CE26-4AFD-913F-B443C734CB8D}.Debug|Any CPU.ActiveCfg = Debug|Any CPU
		{E1E2DF36-CE26-4AFD-913F-B443C734CB8D}.Debug|Any CPU.Build.0 = Debug|Any CPU
		{E1E2DF36-CE26-4AFD-913F-B443C734CB8D}.Release|Any CPU.ActiveCfg = Release|Any CPU
		{E1E2DF36-CE26-4AFD-913F-B443C734CB8D}.Release|Any CPU.Build.0 = Release|Any CPU
		{3D3B7F89-9A1A-40DF-9E59-F91CAC7826A2}.Debug|Any CPU.ActiveCfg = Debug|Any CPU
		{3D3B7F89-9A1A-40DF-9E59-F91CAC7826A2}.Debug|Any CPU.Build.0 = Debug|Any CPU
		{3D3B7F89-9A1A-40DF-9E59-F91CAC7826A2}.Release|Any CPU.ActiveCfg = Release|Any CPU
		{3D3B7F89-9A1A-40DF-9E59-F91CAC7826A2}.Release|Any CPU.Build.0 = Release|Any CPU
		{BDC08E4B-8C3C-4F73-A1B1-EC25B57F531D}.Debug|Any CPU.ActiveCfg = Debug|Any CPU
		{BDC08E4B-8C3C-4F73-A1B1-EC25B57F531D}.Debug|Any CPU.Build.0 = Debug|Any CPU
		{BDC08E4B-8C3C-4F73-A1B1-EC25B57F531D}.Release|Any CPU.ActiveCfg = Release|Any CPU
		{BDC08E4B-8C3C-4F73-A1B1-EC25B57F531D}.Release|Any CPU.Build.0 = Release|Any CPU
		{192A8549-450B-45B8-9EA4-DC80F5884917}.Debug|Any CPU.ActiveCfg = Debug|Any CPU
		{192A8549-450B-45B8-9EA4-DC80F5884917}.Debug|Any CPU.Build.0 = Debug|Any CPU
		{192A8549-450B-45B8-9EA4-DC80F5884917}.Release|Any CPU.ActiveCfg = Release|Any CPU
		{192A8549-450B-45B8-9EA4-DC80F5884917}.Release|Any CPU.Build.0 = Release|Any CPU
		{501398A2-E79F-46C6-A5BF-1C14D1DA36F0}.Debug|Any CPU.ActiveCfg = Debug|Any CPU
		{501398A2-E79F-46C6-A5BF-1C14D1DA36F0}.Debug|Any CPU.Build.0 = Debug|Any CPU
		{501398A2-E79F-46C6-A5BF-1C14D1DA36F0}.Release|Any CPU.ActiveCfg = Release|Any CPU
		{501398A2-E79F-46C6-A5BF-1C14D1DA36F0}.Release|Any CPU.Build.0 = Release|Any CPU
	EndGlobalSection
	GlobalSection(NestedProjects) = preSolution
	EndGlobalSection
EndGlobal
